PODS:
  - Expecta (1.0.6)
  - JSBadgeView (1.4.1)
  - Specta (1.0.7)

DEPENDENCIES:
  - Expecta
  - JSBadgeView (from `../`)
  - Specta

SPEC REPOS:
  https://github.com/CocoaPods/Specs.git:
    - Expecta
    - Specta

EXTERNAL SOURCES:
  JSBadgeView:
    :path: "../"

SPEC CHECKSUMS:
  Expecta: 3b6bd90a64b9a1dcb0b70aa0e10a7f8f631667d5
  JSBadgeView: 67b15e14438b19adc40ddc016d36b07016a68044
  Specta: 3e1bd89c3517421982dc4d1c992503e48bd5fe66

PODFILE CHECKSUM: c814e0cbf7cb16d7dab3042bf5dc39c9d36b0d13

COCOAPODS: 1.5.0
